
Microsoft Visual Studio Solution File, Format Version 12.00
# Visual Studio Version 17
VisualStudioVersion = 17.9.34728.123
MinimumVisualStudioVersion = 10.0.40219.1
Project("{9A19103F-16F7-4668-BE54-9A1E7A4F7556}") = "ExplicitWaitDemo", "ExplicitWaitDemo.csproj", "{8175B67B-0535-4085-B72D-ECAB54EF043D}"
EndProject
Global
	GlobalSection(SolutionConfigurationPlatforms) = preSolution
		Debug|Any CPU = Debug|Any CPU
		Release|Any CPU = Release|Any CPU
	EndGlobalSection
	GlobalSection(ProjectConfigurationPlatforms) = postSolution
		{8175B67B-0535-4085-B72D-ECAB54EF043D}.Debug|Any CPU.ActiveCfg = Debug|Any CPU
		{8175B67B-0535-4085-B72D-ECAB54EF043D}.Debug|Any CPU.Build.0 = Debug|Any CPU
		{8175B67B-0535-4085-B72D-ECAB54EF043D}.Release|Any CPU.ActiveCfg = Release|Any CPU
		{8175B67B-0535-4085-B72D-ECAB54EF043D}.Release|Any CPU.Build.0 = Release|Any CPU
	EndGlobalSection
	GlobalSection(SolutionProperties) = preSolution
		HideSolutionNode = FALSE
	EndGlobalSection
	GlobalSection(ExtensibilityGlobals) = postSolution
		SolutionGuid = {BBC60DE5-600B-4F86-8D6F-B43D2E4038C6}
	EndGlobalSection
EndGlobal
